
Microsoft Visual Studio Solution File, Format Version 12.00
# Visual Studio Version 17
VisualStudioVersion = 17.5.33424.131
MinimumVisualStudioVersion = 10.0.40219.1
Project("{F184B08F-C81C-45F6-A57F-5ABD9991F28F}") = "NguyenHoaiNam_2011068687", "NguyenHoaiNam_2011068687\NguyenHoaiNam_2011068687.vbproj", "{61E33A56-A193-442F-80D8-6B3127CD6206}"
EndProject
Global
	GlobalSection(SolutionConfigurationPlatforms) = preSolution
		Debug|Any CPU = Debug|Any CPU
		Release|Any CPU = Release|Any CPU
	EndGlobalSection
	GlobalSection(ProjectConfigurationPlatforms) = postSolution
		{61E33A56-A193-442F-80D8-6B3127CD6206}.Debug|Any CPU.ActiveCfg = Debug|Any CPU
		{61E33A56-A193-442F-80D8-6B3127CD6206}.Debug|Any CPU.Build.0 = Debug|Any CPU
		{61E33A56-A193-442F-80D8-6B3127CD6206}.Release|Any CPU.ActiveCfg = Release|Any CPU
		{61E33A56-A193-442F-80D8-6B3127CD6206}.Release|Any CPU.Build.0 = Release|Any CPU
	EndGlobalSection
	GlobalSection(SolutionProperties) = preSolution
		HideSolutionNode = FALSE
	EndGlobalSection
	GlobalSection(ExtensibilityGlobals) = postSolution
		SolutionGuid = {F937C8B4-888A-4D2D-BA7B-1B14817EBDE3}
	EndGlobalSection
EndGlobal
